
Microsoft Visual Studio Solution File, Format Version 12.00
# Visual Studio Version 17
VisualStudioVersion = 17.0.31611.283
MinimumVisualStudioVersion = 10.0.40219.1
Project("{9A19103F-16F7-4668-BE54-9A1E7A4F7556}") = "MatoProductivity.Infrastructure", "src\MatoProductivity.Infrastructure\MatoProductivity.Infrastructure.csproj", "{43D583A5-55D6-433D-8076-A08768356C1F}"
EndProject
Project("{9A19103F-16F7-4668-BE54-9A1E7A4F7556}") = "MatoProductivity", "src\MatoProductivity\MatoProductivity.csproj", "{68529DDF-93E7-4706-AD1F-D9016F6FB079}"
EndProject
Project("{9A19103F-16F7-4668-BE54-9A1E7A4F7556}") = "MatoProductivity.Core", "src\MatoProductivity.Core\MatoProductivity.Core.csproj", "{ECFE93EA-DF08-44E4-8695-90F8C3BFB5D2}"
EndProject
Project("{9A19103F-16F7-4668-BE54-9A1E7A4F7556}") = "MatoProductivity.EntityFrameworkCore", "src\MatoProductivity.EntityFrameworkCore\MatoProductivity.EntityFrameworkCore.csproj", "{547D2427-E66D-4184-BA7A-E51D3130017B}"
EndProject
Project("{2150E333-8FDC-42A3-9474-1A3956D46DE8}") = "Solution Items", "Solution Items", "{D19CF8EF-129D-445F-A088-5B6670BCEB06}"
	ProjectSection(SolutionItems) = preProject
		.editorconfig = .editorconfig
	EndProjectSection
EndProject
Project("{9A19103F-16F7-4668-BE54-9A1E7A4F7556}") = "AMap.Android", "src\libs\AMap.Android\AMap.Android.csproj", "{44D44E20-BDE0-45E5-B5C4-F98AAE017CF0}"
EndProject
Project("{2150E333-8FDC-42A3-9474-1A3956D46DE8}") = "libs", "libs", "{0B03CB59-4827-4EBB-B943-5FF3E15D16C4}"
EndProject
Project("{9A19103F-16F7-4668-BE54-9A1E7A4F7556}") = "Plugin.Maui.Audio", "src\libs\Plugin.Maui.Audio\Plugin.Maui.Audio.csproj", "{39B00D9E-3C79-4613-B0B5-0FA2F63CDE6F}"
EndProject
Global
	GlobalSection(SolutionConfigurationPlatforms) = preSolution
		Debug|Any CPU = Debug|Any CPU
		Debug|x64 = Debug|x64
		Release|Any CPU = Release|Any CPU
		Release|x64 = Release|x64
	EndGlobalSection
	GlobalSection(ProjectConfigurationPlatforms) = postSolution
		{43D583A5-55D6-433D-8076-A08768356C1F}.Debug|Any CPU.ActiveCfg = Debug|Any CPU
		{43D583A5-55D6-433D-8076-A08768356C1F}.Debug|Any CPU.Build.0 = Debug|Any CPU
		{43D583A5-55D6-433D-8076-A08768356C1F}.Debug|x64.ActiveCfg = Debug|Any CPU
		{43D583A5-55D6-433D-8076-A08768356C1F}.Debug|x64.Build.0 = Debug|Any CPU
		{43D583A5-55D6-433D-8076-A08768356C1F}.Release|Any CPU.ActiveCfg = Release|Any CPU
		{43D583A5-55D6-433D-8076-A08768356C1F}.Release|Any CPU.Build.0 = Release|Any CPU
		{43D583A5-55D6-433D-8076-A08768356C1F}.Release|x64.ActiveCfg = Release|x64
		{43D583A5-55D6-433D-8076-A08768356C1F}.Release|x64.Build.0 = Release|x64
		{68529DDF-93E7-4706-AD1F-D9016F6FB079}.Debug|Any CPU.ActiveCfg = Debug|Any CPU
		{68529DDF-93E7-4706-AD1F-D9016F6FB079}.Debug|Any CPU.Build.0 = Debug|Any CPU
		{68529DDF-93E7-4706-AD1F-D9016F6FB079}.Debug|Any CPU.Deploy.0 = Debug|Any CPU
		{68529DDF-93E7-4706-AD1F-D9016F6FB079}.Debug|x64.ActiveCfg = Debug|Any CPU
		{68529DDF-93E7-4706-AD1F-D9016F6FB079}.Debug|x64.Build.0 = Debug|Any CPU
		{68529DDF-93E7-4706-AD1F-D9016F6FB079}.Debug|x64.Deploy.0 = Debug|Any CPU
		{68529DDF-93E7-4706-AD1F-D9016F6FB079}.Release|Any CPU.ActiveCfg = Release|Any CPU
		{68529DDF-93E7-4706-AD1F-D9016F6FB079}.Release|Any CPU.Build.0 = Release|Any CPU
		{68529DDF-93E7-4706-AD1F-D9016F6FB079}.Release|Any CPU.Deploy.0 = Release|Any CPU
		{68529DDF-93E7-4706-AD1F-D9016F6FB079}.Release|x64.ActiveCfg = Release|x64
		{68529DDF-93E7-4706-AD1F-D9016F6FB079}.Release|x64.Build.0 = Release|x64
		{68529DDF-93E7-4706-AD1F-D9016F6FB079}.Release|x64.Deploy.0 = Release|x64
		{ECFE93EA-DF08-44E4-8695-90F8C3BFB5D2}.Debug|Any CPU.ActiveCfg = Debug|Any CPU
		{ECFE93EA-DF08-44E4-8695-90F8C3BFB5D2}.Debug|Any CPU.Build.0 = Debug|Any CPU
		{ECFE93EA-DF08-44E4-8695-90F8C3BFB5D2}.Debug|x64.ActiveCfg = Debug|Any CPU
		{ECFE93EA-DF08-44E4-8695-90F8C3BFB5D2}.Debug|x64.Build.0 = Debug|Any CPU
		{ECFE93EA-DF08-44E4-8695-90F8C3BFB5D2}.Release|Any CPU.ActiveCfg = Release|Any CPU
		{ECFE93EA-DF08-44E4-8695-90F8C3BFB5D2}.Release|Any CPU.Build.0 = Release|Any CPU
		{ECFE93EA-DF08-44E4-8695-90F8C3BFB5D2}.Release|x64.ActiveCfg = Release|x64
		{ECFE93EA-DF08-44E4-8695-90F8C3BFB5D2}.Release|x64.Build.0 = Release|x64
		{547D2427-E66D-4184-BA7A-E51D3130017B}.Debug|Any CPU.ActiveCfg = Debug|Any CPU
		{547D2427-E66D-4184-BA7A-E51D3130017B}.Debug|Any CPU.Build.0 = Debug|Any CPU
		{547D2427-E66D-4184-BA7A-E51D3130017B}.Debug|x64.ActiveCfg = Debug|Any CPU
		{547D2427-E66D-4184-BA7A-E51D3130017B}.Debug|x64.Build.0 = Debug|Any CPU
		{547D2427-E66D-4184-BA7A-E51D3130017B}.Release|Any CPU.ActiveCfg = Release|Any CPU
		{547D2427-E66D-4184-BA7A-E51D3130017B}.Release|Any CPU.Build.0 = Release|Any CPU
		{547D2427-E66D-4184-BA7A-E51D3130017B}.Release|x64.ActiveCfg = Release|x64
		{547D2427-E66D-4184-BA7A-E51D3130017B}.Release|x64.Build.0 = Release|x64
		{44D44E20-BDE0-45E5-B5C4-F98AAE017CF0}.Debug|Any CPU.ActiveCfg = Debug|Any CPU
		{44D44E20-BDE0-45E5-B5C4-F98AAE017CF0}.Debug|Any CPU.Build.0 = Debug|Any CPU
		{44D44E20-BDE0-45E5-B5C4-F98AAE017CF0}.Debug|x64.ActiveCfg = Debug|Any CPU
		{44D44E20-BDE0-45E5-B5C4-F98AAE017CF0}.Debug|x64.Build.0 = Debug|Any CPU
		{44D44E20-BDE0-45E5-B5C4-F98AAE017CF0}.Release|Any CPU.ActiveCfg = Release|Any CPU
		{44D44E20-BDE0-45E5-B5C4-F98AAE017CF0}.Release|Any CPU.Build.0 = Release|Any CPU
		{44D44E20-BDE0-45E5-B5C4-F98AAE017CF0}.Release|x64.ActiveCfg = Release|Any CPU
		{44D44E20-BDE0-45E5-B5C4-F98AAE017CF0}.Release|x64.Build.0 = Release|Any CPU
		{39B00D9E-3C79-4613-B0B5-0FA2F63CDE6F}.Debug|Any CPU.ActiveCfg = Debug|Any CPU
		{39B00D9E-3C79-4613-B0B5-0FA2F63CDE6F}.Debug|Any CPU.Build.0 = Debug|Any CPU
		{39B00D9E-3C79-4613-B0B5-0FA2F63CDE6F}.Debug|x64.ActiveCfg = Debug|Any CPU
		{39B00D9E-3C79-4613-B0B5-0FA2F63CDE6F}.Debug|x64.Build.0 = Debug|Any CPU
		{39B00D9E-3C79-4613-B0B5-0FA2F63CDE6F}.Release|Any CPU.ActiveCfg = Release|Any CPU
		{39B00D9E-3C79-4613-B0B5-0FA2F63CDE6F}.Release|Any CPU.Build.0 = Release|Any CPU
		{39B00D9E-3C79-4613-B0B5-0FA2F63CDE6F}.Release|x64.ActiveCfg = Release|Any CPU
		{39B00D9E-3C79-4613-B0B5-0FA2F63CDE6F}.Release|x64.Build.0 = Release|Any CPU
	EndGlobalSection
	GlobalSection(SolutionProperties) = preSolution
		HideSolutionNode = FALSE
	EndGlobalSection
	GlobalSection(NestedProjects) = preSolution
		{44D44E20-BDE0-45E5-B5C4-F98AAE017CF0} = {0B03CB59-4827-4EBB-B943-5FF3E15D16C4}
		{39B00D9E-3C79-4613-B0B5-0FA2F63CDE6F} = {0B03CB59-4827-4EBB-B943-5FF3E15D16C4}
	EndGlobalSection
	GlobalSection(ExtensibilityGlobals) = postSolution
		SolutionGuid = {61F7FB11-1E47-470C-91E2-47F8143E1572}
	EndGlobalSection
EndGlobal
